
Microsoft Visual Studio Solution File, Format Version 12.00
# Visual Studio Version 16
VisualStudioVersion = 16.0.29911.84
MinimumVisualStudioVersion = 10.0.40219.1
Project("{FAE04EC0-301F-11D3-BF4B-00C04F79EFBC}") = "main", "main.csproj", "{D7F60555-3B29-49C5-86CE-8B7B22DFC1AA}"
EndProject
Global
	GlobalSection(SolutionConfigurationPlatforms) = preSolution
		Debug|Any CPU = Debug|Any CPU
		Release|Any CPU = Release|Any CPU
	EndGlobalSection
	GlobalSection(ProjectConfigurationPlatforms) = postSolution
		{D7F60555-3B29-49C5-86CE-8B7B22DFC1AA}.Debug|Any CPU.ActiveCfg = Debug|Any CPU
		{D7F60555-3B29-49C5-86CE-8B7B22DFC1AA}.Debug|Any CPU.Build.0 = Debug|Any CPU
		{D7F60555-3B29-49C5-86CE-8B7B22DFC1AA}.Release|Any CPU.ActiveCfg = Release|Any CPU
		{D7F60555-3B29-49C5-86CE-8B7B22DFC1AA}.Release|Any CPU.Build.0 = Release|Any CPU
	EndGlobalSection
	GlobalSection(SolutionProperties) = preSolution
		HideSolutionNode = FALSE
	EndGlobalSection
	GlobalSection(ExtensibilityGlobals) = postSolution
		SolutionGuid = {62145F31-ED48-482B-BB39-60B9108DF805}
	EndGlobalSection
EndGlobal
